
Microsoft Visual Studio Solution File, Format Version 12.00
# Visual Studio Version 17
VisualStudioVersion = 17.0.31903.59
MinimumVisualStudioVersion = 10.0.40219.1
Project("{FAE04EC0-301F-11D3-BF4B-00C04F79EFBC}") = "BE.LabelExtension.Core", "BE.LabelExtension.Core\BE.LabelExtension.Core.csproj", "{C6578E28-1B38-406B-A3C5-C0E74731FA2D}"
EndProject
Project("{FAE04EC0-301F-11D3-BF4B-00C04F79EFBC}") = "BE.LabelExtension", "BE.LabelExtension\BE.LabelExtension.csproj", "{730F7523-2D7A-4B38-8B09-5588574851C7}"
EndProject
Project("{FAE04EC0-301F-11D3-BF4B-00C04F79EFBC}") = "BE.LabelExtension.Tests", "BE.LabelExtension.Tests\BE.LabelExtension.Tests.csproj", "{50BEA26E-54D5-4D8E-B8D9-4C64B55ACDEE}"
EndProject
Global
	GlobalSection(SolutionConfigurationPlatforms) = preSolution
		Debug|Any CPU = Debug|Any CPU
		Debug|x64 = Debug|x64
		Debug|x86 = Debug|x86
		Release|Any CPU = Release|Any CPU
		Release|x64 = Release|x64
		Release|x86 = Release|x86
	EndGlobalSection
	GlobalSection(ProjectConfigurationPlatforms) = postSolution
		{C6578E28-1B38-406B-A3C5-C0E74731FA2D}.Debug|Any CPU.ActiveCfg = Debug|Any CPU
		{C6578E28-1B38-406B-A3C5-C0E74731FA2D}.Debug|Any CPU.Build.0 = Debug|Any CPU
		{C6578E28-1B38-406B-A3C5-C0E74731FA2D}.Debug|x64.ActiveCfg = Debug|Any CPU
		{C6578E28-1B38-406B-A3C5-C0E74731FA2D}.Debug|x64.Build.0 = Debug|Any CPU
		{C6578E28-1B38-406B-A3C5-C0E74731FA2D}.Debug|x86.ActiveCfg = Debug|Any CPU
		{C6578E28-1B38-406B-A3C5-C0E74731FA2D}.Debug|x86.Build.0 = Debug|Any CPU
		{C6578E28-1B38-406B-A3C5-C0E74731FA2D}.Release|Any CPU.ActiveCfg = Release|Any CPU
		{C6578E28-1B38-406B-A3C5-C0E74731FA2D}.Release|Any CPU.Build.0 = Release|Any CPU
		{C6578E28-1B38-406B-A3C5-C0E74731FA2D}.Release|x64.ActiveCfg = Release|Any CPU
		{C6578E28-1B38-406B-A3C5-C0E74731FA2D}.Release|x64.Build.0 = Release|Any CPU
		{C6578E28-1B38-406B-A3C5-C0E74731FA2D}.Release|x86.ActiveCfg = Release|Any CPU
		{C6578E28-1B38-406B-A3C5-C0E74731FA2D}.Release|x86.Build.0 = Release|Any CPU
		{730F7523-2D7A-4B38-8B09-5588574851C7}.Debug|Any CPU.ActiveCfg = Debug|Any CPU
		{730F7523-2D7A-4B38-8B09-5588574851C7}.Debug|Any CPU.Build.0 = Debug|Any CPU
		{730F7523-2D7A-4B38-8B09-5588574851C7}.Debug|x64.ActiveCfg = Debug|Any CPU
		{730F7523-2D7A-4B38-8B09-5588574851C7}.Debug|x64.Build.0 = Debug|Any CPU
		{730F7523-2D7A-4B38-8B09-5588574851C7}.Debug|x86.ActiveCfg = Debug|Any CPU
		{730F7523-2D7A-4B38-8B09-5588574851C7}.Debug|x86.Build.0 = Debug|Any CPU
		{730F7523-2D7A-4B38-8B09-5588574851C7}.Release|Any CPU.ActiveCfg = Release|Any CPU
		{730F7523-2D7A-4B38-8B09-5588574851C7}.Release|Any CPU.Build.0 = Release|Any CPU
		{730F7523-2D7A-4B38-8B09-5588574851C7}.Release|x64.ActiveCfg = Release|Any CPU
		{730F7523-2D7A-4B38-8B09-5588574851C7}.Release|x64.Build.0 = Release|Any CPU
		{730F7523-2D7A-4B38-8B09-5588574851C7}.Release|x86.ActiveCfg = Release|Any CPU
		{730F7523-2D7A-4B38-8B09-5588574851C7}.Release|x86.Build.0 = Release|Any CPU
		{50BEA26E-54D5-4D8E-B8D9-4C64B55ACDEE}.Debug|Any CPU.ActiveCfg = Debug|Any CPU
		{50BEA26E-54D5-4D8E-B8D9-4C64B55ACDEE}.Debug|Any CPU.Build.0 = Debug|Any CPU
		{50BEA26E-54D5-4D8E-B8D9-4C64B55ACDEE}.Debug|x64.ActiveCfg = Debug|Any CPU
		{50BEA26E-54D5-4D8E-B8D9-4C64B55ACDEE}.Debug|x64.Build.0 = Debug|Any CPU
		{50BEA26E-54D5-4D8E-B8D9-4C64B55ACDEE}.Debug|x86.ActiveCfg = Debug|Any CPU
		{50BEA26E-54D5-4D8E-B8D9-4C64B55ACDEE}.Debug|x86.Build.0 = Debug|Any CPU
		{50BEA26E-54D5-4D8E-B8D9-4C64B55ACDEE}.Release|Any CPU.ActiveCfg = Release|Any CPU
		{50BEA26E-54D5-4D8E-B8D9-4C64B55ACDEE}.Release|Any CPU.Build.0 = Release|Any CPU
		{50BEA26E-54D5-4D8E-B8D9-4C64B55ACDEE}.Release|x64.ActiveCfg = Release|Any CPU
		{50BEA26E-54D5-4D8E-B8D9-4C64B55ACDEE}.Release|x64.Build.0 = Release|Any CPU
		{50BEA26E-54D5-4D8E-B8D9-4C64B55ACDEE}.Release|x86.ActiveCfg = Release|Any CPU
		{50BEA26E-54D5-4D8E-B8D9-4C64B55ACDEE}.Release|x86.Build.0 = Release|Any CPU
	EndGlobalSection
	GlobalSection(SolutionProperties) = preSolution
		HideSolutionNode = FALSE
	EndGlobalSection
EndGlobal
